
Microsoft Visual Studio Solution File, Format Version 11.00
# Visual Studio 2010
Project("{FAE04EC0-301F-11D3-BF4B-00C04F79EFBC}") = "ScrumRetro", "ScrumRetro\ScrumRetro.csproj", "{20C40B63-367B-4FFD-A1B1-D95B6700A56B}"
EndProject
Global
	GlobalSection(SolutionConfigurationPlatforms) = preSolution
		Debug|Any CPU = Debug|Any CPU
		Release|Any CPU = Release|Any CPU
	EndGlobalSection
	GlobalSection(ProjectConfigurationPlatforms) = postSolution
		{20C40B63-367B-4FFD-A1B1-D95B6700A56B}.Debug|Any CPU.ActiveCfg = Debug|Any CPU
		{20C40B63-367B-4FFD-A1B1-D95B6700A56B}.Debug|Any CPU.Build.0 = Debug|Any CPU
		{20C40B63-367B-4FFD-A1B1-D95B6700A56B}.Release|Any CPU.ActiveCfg = Release|Any CPU
		{20C40B63-367B-4FFD-A1B1-D95B6700A56B}.Release|Any CPU.Build.0 = Release|Any CPU
	EndGlobalSection
	GlobalSection(SolutionProperties) = preSolution
		HideSolutionNode = FALSE
	EndGlobalSection
EndGlobal
